
Microsoft Visual Studio Solution File, Format Version 12.00
# Visual Studio Version 17
VisualStudioVersion = 17.7.34031.279
MinimumVisualStudioVersion = 10.0.40219.1
Project("{FAE04EC0-301F-11D3-BF4B-00C04F79EFBC}") = "ConsoleApp2", "ConsoleApp2\ConsoleApp2.csproj", "{2E8AD82C-DC81-435D-9BD7-45BFD76D535C}"
EndProject
Global
	GlobalSection(SolutionConfigurationPlatforms) = preSolution
		Debug|Any CPU = Debug|Any CPU
		Release|Any CPU = Release|Any CPU
	EndGlobalSection
	GlobalSection(ProjectConfigurationPlatforms) = postSolution
		{2E8AD82C-DC81-435D-9BD7-45BFD76D535C}.Debug|Any CPU.ActiveCfg = Debug|Any CPU
		{2E8AD82C-DC81-435D-9BD7-45BFD76D535C}.Debug|Any CPU.Build.0 = Debug|Any CPU
		{2E8AD82C-DC81-435D-9BD7-45BFD76D535C}.Release|Any CPU.ActiveCfg = Release|Any CPU
		{2E8AD82C-DC81-435D-9BD7-45BFD76D535C}.Release|Any CPU.Build.0 = Release|Any CPU
	EndGlobalSection
	GlobalSection(SolutionProperties) = preSolution
		HideSolutionNode = FALSE
	EndGlobalSection
	GlobalSection(ExtensibilityGlobals) = postSolution
		SolutionGuid = {29176EDC-BB2F-481C-AD8C-E8E1F66640C6}
	EndGlobalSection
EndGlobal
